
Microsoft Visual Studio Solution File, Format Version 12.00
# Visual Studio Version 16
VisualStudioVersion = 16.0.30406.217
MinimumVisualStudioVersion = 10.0.40219.1
Project("{9A19103F-16F7-4668-BE54-9A1E7A4F7556}") = "Restoran", "Restoran\Restoran.csproj", "{30C5CED4-D09A-47AB-8421-640FD6037CFA}"
EndProject
Project("{9A19103F-16F7-4668-BE54-9A1E7A4F7556}") = "Restoran.Model", "Model\Restoran.Model.csproj", "{455DEA1B-8ADC-41F4-AAF7-9CF59B1F0CC2}"
EndProject
Project("{FAE04EC0-301F-11D3-BF4B-00C04F79EFBC}") = "RestoranWinUI", "RestoranWinUI\RestoranWinUI.csproj", "{49C66347-1502-4E25-B42E-B4238B5AAD87}"
EndProject
Project("{FAE04EC0-301F-11D3-BF4B-00C04F79EFBC}") = "RestoranMobile.Android", "RestoranMobile\RestoranMobile.Android\RestoranMobile.Android.csproj", "{7E920AB0-9E43-449B-A828-F6815F9F387D}"
EndProject
Project("{FAE04EC0-301F-11D3-BF4B-00C04F79EFBC}") = "RestoranMobile.iOS", "RestoranMobile\RestoranMobile.iOS\RestoranMobile.iOS.csproj", "{39149AE7-26C5-4505-803E-BF581142E163}"
EndProject
Project("{9A19103F-16F7-4668-BE54-9A1E7A4F7556}") = "RestoranMobile", "RestoranMobile\RestoranMobile\RestoranMobile.csproj", "{191F1F73-A2F3-4966-8E8A-2CFF4CC50957}"
EndProject
Project("{E53339B2-1760-4266-BCC7-CA923CBCF16C}") = "docker-compose", "docker-compose.dcproj", "{998A0702-B11D-4436-80CC-3C26B5EAC9E2}"
EndProject
Global
	GlobalSection(SolutionConfigurationPlatforms) = preSolution
		Debug|Any CPU = Debug|Any CPU
		Debug|ARM = Debug|ARM
		Debug|iPhone = Debug|iPhone
		Debug|iPhoneSimulator = Debug|iPhoneSimulator
		Debug|x64 = Debug|x64
		Debug|x86 = Debug|x86
		Release|Any CPU = Release|Any CPU
		Release|ARM = Release|ARM
		Release|iPhone = Release|iPhone
		Release|iPhoneSimulator = Release|iPhoneSimulator
		Release|x64 = Release|x64
		Release|x86 = Release|x86
	EndGlobalSection
	GlobalSection(ProjectConfigurationPlatforms) = postSolution
		{30C5CED4-D09A-47AB-8421-640FD6037CFA}.Debug|Any CPU.ActiveCfg = Debug|Any CPU
		{30C5CED4-D09A-47AB-8421-640FD6037CFA}.Debug|Any CPU.Build.0 = Debug|Any CPU
		{30C5CED4-D09A-47AB-8421-640FD6037CFA}.Debug|ARM.ActiveCfg = Debug|Any CPU
		{30C5CED4-D09A-47AB-8421-640FD6037CFA}.Debug|ARM.Build.0 = Debug|Any CPU
		{30C5CED4-D09A-47AB-8421-640FD6037CFA}.Debug|iPhone.ActiveCfg = Debug|Any CPU
		{30C5CED4-D09A-47AB-8421-640FD6037CFA}.Debug|iPhone.Build.0 = Debug|Any CPU
		{30C5CED4-D09A-47AB-8421-640FD6037CFA}.Debug|iPhoneSimulator.ActiveCfg = Debug|Any CPU
		{30C5CED4-D09A-47AB-8421-640FD6037CFA}.Debug|iPhoneSimulator.Build.0 = Debug|Any CPU
		{30C5CED4-D09A-47AB-8421-640FD6037CFA}.Debug|x64.ActiveCfg = Debug|Any CPU
		{30C5CED4-D09A-47AB-8421-640FD6037CFA}.Debug|x64.Build.0 = Debug|Any CPU
		{30C5CED4-D09A-47AB-8421-640FD6037CFA}.Debug|x86.ActiveCfg = Debug|Any CPU
		{30C5CED4-D09A-47AB-8421-640FD6037CFA}.Debug|x86.Build.0 = Debug|Any CPU
		{30C5CED4-D09A-47AB-8421-640FD6037CFA}.Release|Any CPU.ActiveCfg = Release|Any CPU
		{30C5CED4-D09A-47AB-8421-640FD6037CFA}.Release|Any CPU.Build.0 = Release|Any CPU
		{30C5CED4-D09A-47AB-8421-640FD6037CFA}.Release|ARM.ActiveCfg = Release|Any CPU
		{30C5CED4-D09A-47AB-8421-640FD6037CFA}.Release|ARM.Build.0 = Release|Any CPU
		{30C5CED4-D09A-47AB-8421-640FD6037CFA}.Release|iPhone.ActiveCfg = Release|Any CPU
		{30C5CED4-D09A-47AB-8421-640FD6037CFA}.Release|iPhone.Build.0 = Release|Any CPU
		{30C5CED4-D09A-47AB-8421-640FD6037CFA}.Release|iPhoneSimulator.ActiveCfg = Release|Any CPU
		{30C5CED4-D09A-47AB-8421-640FD6037CFA}.Release|iPhoneSimulator.Build.0 = Release|Any CPU
		{30C5CED4-D09A-47AB-8421-640FD6037CFA}.Release|x64.ActiveCfg = Release|Any CPU
		{30C5CED4-D09A-47AB-8421-640FD6037CFA}.Release|x64.Build.0 = Release|Any CPU
		{30C5CED4-D09A-47AB-8421-640FD6037CFA}.Release|x86.ActiveCfg = Release|Any CPU
		{30C5CED4-D09A-47AB-8421-640FD6037CFA}.Release|x86.Build.0 = Release|Any CPU
		{455DEA1B-8ADC-41F4-AAF7-9CF59B1F0CC2}.Debug|Any CPU.ActiveCfg = Debug|Any CPU
		{455DEA1B-8ADC-41F4-AAF7-9CF59B1F0CC2}.Debug|Any CPU.Build.0 = Debug|Any CPU
		{455DEA1B-8ADC-41F4-AAF7-9CF59B1F0CC2}.Debug|ARM.ActiveCfg = Debug|Any CPU
		{455DEA1B-8ADC-41F4-AAF7-9CF59B1F0CC2}.Debug|ARM.Build.0 = Debug|Any CPU
		{455DEA1B-8ADC-41F4-AAF7-9CF59B1F0CC2}.Debug|iPhone.ActiveCfg = Debug|Any CPU
		{455DEA1B-8ADC-41F4-AAF7-9CF59B1F0CC2}.Debug|iPhone.Build.0 = Debug|Any CPU
		{455DEA1B-8ADC-41F4-AAF7-9CF59B1F0CC2}.Debug|iPhoneSimulator.ActiveCfg = Debug|Any CPU
		{455DEA1B-8ADC-41F4-AAF7-9CF59B1F0CC2}.Debug|iPhoneSimulator.Build.0 = Debug|Any CPU
		{455DEA1B-8ADC-41F4-AAF7-9CF59B1F0CC2}.Debug|x64.ActiveCfg = Debug|Any CPU
		{455DEA1B-8ADC-41F4-AAF7-9CF59B1F0CC2}.Debug|x64.Build.0 = Debug|Any CPU
		{455DEA1B-8ADC-41F4-AAF7-9CF59B1F0CC2}.Debug|x86.ActiveCfg = Debug|Any CPU
		{455DEA1B-8ADC-41F4-AAF7-9CF59B1F0CC2}.Debug|x86.Build.0 = Debug|Any CPU
		{455DEA1B-8ADC-41F4-AAF7-9CF59B1F0CC2}.Release|Any CPU.ActiveCfg = Release|Any CPU
		{455DEA1B-8ADC-41F4-AAF7-9CF59B1F0CC2}.Release|Any CPU.Build.0 = Release|Any CPU
		{455DEA1B-8ADC-41F4-AAF7-9CF59B1F0CC2}.Release|ARM.ActiveCfg = Release|Any CPU
		{455DEA1B-8ADC-41F4-AAF7-9CF59B1F0CC2}.Release|ARM.Build.0 = Release|Any CPU
		{455DEA1B-8ADC-41F4-AAF7-9CF59B1F0CC2}.Release|iPhone.ActiveCfg = Release|Any CPU
		{455DEA1B-8ADC-41F4-AAF7-9CF59B1F0CC2}.Release|iPhone.Build.0 = Release|Any CPU
		{455DEA1B-8ADC-41F4-AAF7-9CF59B1F0CC2}.Release|iPhoneSimulator.ActiveCfg = Release|Any CPU
		{455DEA1B-8ADC-41F4-AAF7-9CF59B1F0CC2}.Release|iPhoneSimulator.Build.0 = Release|Any CPU
		{455DEA1B-8ADC-41F4-AAF7-9CF59B1F0CC2}.Release|x64.ActiveCfg = Release|Any CPU
		{455DEA1B-8ADC-41F4-AAF7-9CF59B1F0CC2}.Release|x64.Build.0 = Release|Any CPU
		{455DEA1B-8ADC-41F4-AAF7-9CF59B1F0CC2}.Release|x86.ActiveCfg = Release|Any CPU
		{455DEA1B-8ADC-41F4-AAF7-9CF59B1F0CC2}.Release|x86.Build.0 = Release|Any CPU
		{49C66347-1502-4E25-B42E-B4238B5AAD87}.Debug|Any CPU.ActiveCfg = Debug|Any CPU
		{49C66347-1502-4E25-B42E-B4238B5AAD87}.Debug|Any CPU.Build.0 = Debug|Any CPU
		{49C66347-1502-4E25-B42E-B4238B5AAD87}.Debug|ARM.ActiveCfg = Debug|Any CPU
		{49C66347-1502-4E25-B42E-B4238B5AAD87}.Debug|ARM.Build.0 = Debug|Any CPU
		{49C66347-1502-4E25-B42E-B4238B5AAD87}.Debug|iPhone.ActiveCfg = Debug|Any CPU
		{49C66347-1502-4E25-B42E-B4238B5AAD87}.Debug|iPhone.Build.0 = Debug|Any CPU
		{49C66347-1502-4E25-B42E-B4238B5AAD87}.Debug|iPhoneSimulator.ActiveCfg = Debug|Any CPU
		{49C66347-1502-4E25-B42E-B4238B5AAD87}.Debug|iPhoneSimulator.Build.0 = Debug|Any CPU
		{49C66347-1502-4E25-B42E-B4238B5AAD87}.Debug|x64.ActiveCfg = Debug|Any CPU
		{49C66347-1502-4E25-B42E-B4238B5AAD87}.Debug|x64.Build.0 = Debug|Any CPU
		{49C66347-1502-4E25-B42E-B4238B5AAD87}.Debug|x86.ActiveCfg = Debug|Any CPU
		{49C66347-1502-4E25-B42E-B4238B5AAD87}.Debug|x86.Build.0 = Debug|Any CPU
		{49C66347-1502-4E25-B42E-B4238B5AAD87}.Release|Any CPU.ActiveCfg = Release|Any CPU
		{49C66347-1502-4E25-B42E-B4238B5AAD87}.Release|Any CPU.Build.0 = Release|Any CPU
		{49C66347-1502-4E25-B42E-B4238B5AAD87}.Release|ARM.ActiveCfg = Release|Any CPU
		{49C66347-1502-4E25-B42E-B4238B5AAD87}.Release|ARM.Build.0 = Release|Any CPU
		{49C66347-1502-4E25-B42E-B4238B5AAD87}.Release|iPhone.ActiveCfg = Release|Any CPU
		{49C66347-1502-4E25-B42E-B4238B5AAD87}.Release|iPhone.Build.0 = Release|Any CPU
		{49C66347-1502-4E25-B42E-B4238B5AAD87}.Release|iPhoneSimulator.ActiveCfg = Release|Any CPU
		{49C66347-1502-4E25-B42E-B4238B5AAD87}.Release|iPhoneSimulator.Build.0 = Release|Any CPU
		{49C66347-1502-4E25-B42E-B4238B5AAD87}.Release|x64.ActiveCfg = Release|Any CPU
		{49C66347-1502-4E25-B42E-B4238B5AAD87}.Release|x64.Build.0 = Release|Any CPU
		{49C66347-1502-4E25-B42E-B4238B5AAD87}.Release|x86.ActiveCfg = Release|Any CPU
		{49C66347-1502-4E25-B42E-B4238B5AAD87}.Release|x86.Build.0 = Release|Any CPU
		{7E920AB0-9E43-449B-A828-F6815F9F387D}.Debug|Any CPU.ActiveCfg = Debug|Any CPU
		{7E920AB0-9E43-449B-A828-F6815F9F387D}.Debug|Any CPU.Build.0 = Debug|Any CPU
		{7E920AB0-9E43-449B-A828-F6815F9F387D}.Debug|Any CPU.Deploy.0 = Debug|Any CPU
		{7E920AB0-9E43-449B-A828-F6815F9F387D}.Debug|ARM.ActiveCfg = Debug|Any CPU
		{7E920AB0-9E43-449B-A828-F6815F9F387D}.Debug|ARM.Build.0 = Debug|Any CPU
		{7E920AB0-9E43-449B-A828-F6815F9F387D}.Debug|ARM.Deploy.0 = Debug|Any CPU
		{7E920AB0-9E43-449B-A828-F6815F9F387D}.Debug|iPhone.ActiveCfg = Debug|Any CPU
		{7E920AB0-9E43-449B-A828-F6815F9F387D}.Debug|iPhone.Build.0 = Debug|Any CPU
		{7E920AB0-9E43-449B-A828-F6815F9F387D}.Debug|iPhone.Deploy.0 = Debug|Any CPU
		{7E920AB0-9E43-449B-A828-F6815F9F387D}.Debug|iPhoneSimulator.ActiveCfg = Debug|Any CPU
		{7E920AB0-9E43-449B-A828-F6815F9F387D}.Debug|iPhoneSimulator.Build.0 = Debug|Any CPU
		{7E920AB0-9E43-449B-A828-F6815F9F387D}.Debug|iPhoneSimulator.Deploy.0 = Debug|Any CPU
		{7E920AB0-9E43-449B-A828-F6815F9F387D}.Debug|x64.ActiveCfg = Debug|Any CPU
		{7E920AB0-9E43-449B-A828-F6815F9F387D}.Debug|x64.Build.0 = Debug|Any CPU
		{7E920AB0-9E43-449B-A828-F6815F9F387D}.Debug|x64.Deploy.0 = Debug|Any CPU
		{7E920AB0-9E43-449B-A828-F6815F9F387D}.Debug|x86.ActiveCfg = Debug|Any CPU
		{7E920AB0-9E43-449B-A828-F6815F9F387D}.Debug|x86.Build.0 = Debug|Any CPU
		{7E920AB0-9E43-449B-A828-F6815F9F387D}.Debug|x86.Deploy.0 = Debug|Any CPU
		{7E920AB0-9E43-449B-A828-F6815F9F387D}.Release|Any CPU.ActiveCfg = Release|Any CPU
		{7E920AB0-9E43-449B-A828-F6815F9F387D}.Release|Any CPU.Build.0 = Release|Any CPU
		{7E920AB0-9E43-449B-A828-F6815F9F387D}.Release|Any CPU.Deploy.0 = Release|Any CPU
		{7E920AB0-9E43-449B-A828-F6815F9F387D}.Release|ARM.ActiveCfg = Release|Any CPU
		{7E920AB0-9E43-449B-A828-F6815F9F387D}.Release|ARM.Build.0 = Release|Any CPU
		{7E920AB0-9E43-449B-A828-F6815F9F387D}.Release|ARM.Deploy.0 = Release|Any CPU
		{7E920AB0-9E43-449B-A828-F6815F9F387D}.Release|iPhone.ActiveCfg = Release|Any CPU
		{7E920AB0-9E43-449B-A828-F6815F9F387D}.Release|iPhone.Build.0 = Release|Any CPU
		{7E920AB0-9E43-449B-A828-F6815F9F387D}.Release|iPhone.Deploy.0 = Release|Any CPU
		{7E920AB0-9E43-449B-A828-F6815F9F387D}.Release|iPhoneSimulator.ActiveCfg = Release|Any CPU
		{7E920AB0-9E43-449B-A828-F6815F9F387D}.Release|iPhoneSimulator.Build.0 = Release|Any CPU
		{7E920AB0-9E43-449B-A828-F6815F9F387D}.Release|iPhoneSimulator.Deploy.0 = Release|Any CPU
		{7E920AB0-9E43-449B-A828-F6815F9F387D}.Release|x64.ActiveCfg = Release|Any CPU
		{7E920AB0-9E43-449B-A828-F6815F9F387D}.Release|x64.Build.0 = Release|Any CPU
		{7E920AB0-9E43-449B-A828-F6815F9F387D}.Release|x64.Deploy.0 = Release|Any CPU
		{7E920AB0-9E43-449B-A828-F6815F9F387D}.Release|x86.ActiveCfg = Release|Any CPU
		{7E920AB0-9E43-449B-A828-F6815F9F387D}.Release|x86.Build.0 = Release|Any CPU
		{7E920AB0-9E43-449B-A828-F6815F9F387D}.Release|x86.Deploy.0 = Release|Any CPU
		{39149AE7-26C5-4505-803E-BF581142E163}.Debug|Any CPU.ActiveCfg = Debug|iPhone
		{39149AE7-26C5-4505-803E-BF581142E163}.Debug|ARM.ActiveCfg = Debug|iPhone
		{39149AE7-26C5-4505-803E-BF581142E163}.Debug|iPhone.ActiveCfg = Debug|iPhone
		{39149AE7-26C5-4505-803E-BF581142E163}.Debug|iPhone.Build.0 = Debug|iPhone
		{39149AE7-26C5-4505-803E-BF581142E163}.Debug|iPhoneSimulator.ActiveCfg = Debug|iPhoneSimulator
		{39149AE7-26C5-4505-803E-BF581142E163}.Debug|iPhoneSimulator.Build.0 = Debug|iPhoneSimulator
		{39149AE7-26C5-4505-803E-BF581142E163}.Debug|x64.ActiveCfg = Debug|iPhone
		{39149AE7-26C5-4505-803E-BF581142E163}.Debug|x86.ActiveCfg = Debug|iPhone
		{39149AE7-26C5-4505-803E-BF581142E163}.Release|Any CPU.ActiveCfg = Release|iPhone
		{39149AE7-26C5-4505-803E-BF581142E163}.Release|ARM.ActiveCfg = Release|iPhone
		{39149AE7-26C5-4505-803E-BF581142E163}.Release|iPhone.ActiveCfg = Release|iPhone
		{39149AE7-26C5-4505-803E-BF581142E163}.Release|iPhone.Build.0 = Release|iPhone
		{39149AE7-26C5-4505-803E-BF581142E163}.Release|iPhoneSimulator.ActiveCfg = Release|iPhoneSimulator
		{39149AE7-26C5-4505-803E-BF581142E163}.Release|iPhoneSimulator.Build.0 = Release|iPhoneSimulator
		{39149AE7-26C5-4505-803E-BF581142E163}.Release|x64.ActiveCfg = Release|iPhone
		{39149AE7-26C5-4505-803E-BF581142E163}.Release|x86.ActiveCfg = Release|iPhone
		{191F1F73-A2F3-4966-8E8A-2CFF4CC50957}.Debug|Any CPU.ActiveCfg = Debug|Any CPU
		{191F1F73-A2F3-4966-8E8A-2CFF4CC50957}.Debug|Any CPU.Build.0 = Debug|Any CPU
		{191F1F73-A2F3-4966-8E8A-2CFF4CC50957}.Debug|ARM.ActiveCfg = Debug|Any CPU
		{191F1F73-A2F3-4966-8E8A-2CFF4CC50957}.Debug|ARM.Build.0 = Debug|Any CPU
		{191F1F73-A2F3-4966-8E8A-2CFF4CC50957}.Debug|iPhone.ActiveCfg = Debug|Any CPU
		{191F1F73-A2F3-4966-8E8A-2CFF4CC50957}.Debug|iPhone.Build.0 = Debug|Any CPU
		{191F1F73-A2F3-4966-8E8A-2CFF4CC50957}.Debug|iPhoneSimulator.ActiveCfg = Debug|Any CPU
		{191F1F73-A2F3-4966-8E8A-2CFF4CC50957}.Debug|iPhoneSimulator.Build.0 = Debug|Any CPU
		{191F1F73-A2F3-4966-8E8A-2CFF4CC50957}.Debug|x64.ActiveCfg = Debug|Any CPU
		{191F1F73-A2F3-4966-8E8A-2CFF4CC50957}.Debug|x64.Build.0 = Debug|Any CPU
		{191F1F73-A2F3-4966-8E8A-2CFF4CC50957}.Debug|x86.ActiveCfg = Debug|Any CPU
		{191F1F73-A2F3-4966-8E8A-2CFF4CC50957}.Debug|x86.Build.0 = Debug|Any CPU
		{191F1F73-A2F3-4966-8E8A-2CFF4CC50957}.Release|Any CPU.ActiveCfg = Release|Any CPU
		{191F1F73-A2F3-4966-8E8A-2CFF4CC50957}.Release|Any CPU.Build.0 = Release|Any CPU
		{191F1F73-A2F3-4966-8E8A-2CFF4CC50957}.Release|ARM.ActiveCfg = Release|Any CPU
		{191F1F73-A2F3-4966-8E8A-2CFF4CC50957}.Release|ARM.Build.0 = Release|Any CPU
		{191F1F73-A2F3-4966-8E8A-2CFF4CC50957}.Release|iPhone.ActiveCfg = Release|Any CPU
		{191F1F73-A2F3-4966-8E8A-2CFF4CC50957}.Release|iPhone.Build.0 = Release|Any CPU
		{191F1F73-A2F3-4966-8E8A-2CFF4CC50957}.Release|iPhoneSimulator.ActiveCfg = Release|Any CPU
		{191F1F73-A2F3-4966-8E8A-2CFF4CC50957}.Release|iPhoneSimulator.Build.0 = Release|Any CPU
		{191F1F73-A2F3-4966-8E8A-2CFF4CC50957}.Release|x64.ActiveCfg = Release|Any CPU
		{191F1F73-A2F3-4966-8E8A-2CFF4CC50957}.Release|x64.Build.0 = Release|Any CPU
		{191F1F73-A2F3-4966-8E8A-2CFF4CC50957}.Release|x86.ActiveCfg = Release|Any CPU
		{191F1F73-A2F3-4966-8E8A-2CFF4CC50957}.Release|x86.Build.0 = Release|Any CPU
		{998A0702-B11D-4436-80CC-3C26B5EAC9E2}.Debug|Any CPU.ActiveCfg = Debug|Any CPU
		{998A0702-B11D-4436-80CC-3C26B5EAC9E2}.Debug|Any CPU.Build.0 = Debug|Any CPU
		{998A0702-B11D-4436-80CC-3C26B5EAC9E2}.Debug|ARM.ActiveCfg = Debug|Any CPU
		{998A0702-B11D-4436-80CC-3C26B5EAC9E2}.Debug|ARM.Build.0 = Debug|Any CPU
		{998A0702-B11D-4436-80CC-3C26B5EAC9E2}.Debug|iPhone.ActiveCfg = Debug|Any CPU
		{998A0702-B11D-4436-80CC-3C26B5EAC9E2}.Debug|iPhone.Build.0 = Debug|Any CPU
		{998A0702-B11D-4436-80CC-3C26B5EAC9E2}.Debug|iPhoneSimulator.ActiveCfg = Debug|Any CPU
		{998A0702-B11D-4436-80CC-3C26B5EAC9E2}.Debug|iPhoneSimulator.Build.0 = Debug|Any CPU
		{998A0702-B11D-4436-80CC-3C26B5EAC9E2}.Debug|x64.ActiveCfg = Debug|Any CPU
		{998A0702-B11D-4436-80CC-3C26B5EAC9E2}.Debug|x64.Build.0 = Debug|Any CPU
		{998A0702-B11D-4436-80CC-3C26B5EAC9E2}.Debug|x86.ActiveCfg = Debug|Any CPU
		{998A0702-B11D-4436-80CC-3C26B5EAC9E2}.Debug|x86.Build.0 = Debug|Any CPU
		{998A0702-B11D-4436-80CC-3C26B5EAC9E2}.Release|Any CPU.ActiveCfg = Release|Any CPU
		{998A0702-B11D-4436-80CC-3C26B5EAC9E2}.Release|Any CPU.Build.0 = Release|Any CPU
		{998A0702-B11D-4436-80CC-3C26B5EAC9E2}.Release|ARM.ActiveCfg = Release|Any CPU
		{998A0702-B11D-4436-80CC-3C26B5EAC9E2}.Release|ARM.Build.0 = Release|Any CPU
		{998A0702-B11D-4436-80CC-3C26B5EAC9E2}.Release|iPhone.ActiveCfg = Release|Any CPU
		{998A0702-B11D-4436-80CC-3C26B5EAC9E2}.Release|iPhone.Build.0 = Release|Any CPU
		{998A0702-B11D-4436-80CC-3C26B5EAC9E2}.Release|iPhoneSimulator.ActiveCfg = Release|Any CPU
		{998A0702-B11D-4436-80CC-3C26B5EAC9E2}.Release|iPhoneSimulator.Build.0 = Release|Any CPU
		{998A0702-B11D-4436-80CC-3C26B5EAC9E2}.Release|x64.ActiveCfg = Release|Any CPU
		{998A0702-B11D-4436-80CC-3C26B5EAC9E2}.Release|x64.Build.0 = Release|Any CPU
		{998A0702-B11D-4436-80CC-3C26B5EAC9E2}.Release|x86.ActiveCfg = Release|Any CPU
		{998A0702-B11D-4436-80CC-3C26B5EAC9E2}.Release|x86.Build.0 = Release|Any CPU
	EndGlobalSection
	GlobalSection(SolutionProperties) = preSolution
		HideSolutionNode = FALSE
	EndGlobalSection
	GlobalSection(ExtensibilityGlobals) = postSolution
		SolutionGuid = {35C3DA91-9747-491B-A342-D39DEE9CB615}
	EndGlobalSection
EndGlobal
